
Microsoft Visual Studio Solution File, Format Version 12.00
# Visual Studio 15
VisualStudioVersion = 15.0.27703.2035
MinimumVisualStudioVersion = 10.0.40219.1
Project("{FAE04EC0-301F-11D3-BF4B-00C04F79EFBC}") = "SimplePatch.Examples.FullNET.WebAPI", "SimplePatch.Examples.FullNET.WebAPI\SimplePatch.Examples.FullNET.WebAPI.csproj", "{9541501A-49CC-4C84-AF74-26F128D4A506}"
EndProject
Global
	GlobalSection(SolutionConfigurationPlatforms) = preSolution
		Debug|Any CPU = Debug|Any CPU
		Release|Any CPU = Release|Any CPU
	EndGlobalSection
	GlobalSection(ProjectConfigurationPlatforms) = postSolution
		{9541501A-49CC-4C84-AF74-26F128D4A506}.Debug|Any CPU.ActiveCfg = Debug|Any CPU
		{9541501A-49CC-4C84-AF74-26F128D4A506}.Debug|Any CPU.Build.0 = Debug|Any CPU
		{9541501A-49CC-4C84-AF74-26F128D4A506}.Release|Any CPU.ActiveCfg = Release|Any CPU
		{9541501A-49CC-4C84-AF74-26F128D4A506}.Release|Any CPU.Build.0 = Release|Any CPU
	EndGlobalSection
	GlobalSection(SolutionProperties) = preSolution
		HideSolutionNode = FALSE
	EndGlobalSection
	GlobalSection(ExtensibilityGlobals) = postSolution
		SolutionGuid = {FD39A14B-3355-4B4D-ACBD-CD16008423A4}
	EndGlobalSection
EndGlobal
