
Microsoft Visual Studio Solution File, Format Version 12.00
# Visual Studio 15
VisualStudioVersion = 15.0.27703.2035
MinimumVisualStudioVersion = 10.0.40219.1
Project("{FAE04EC0-301F-11D3-BF4B-00C04F79EFBC}") = "SimplePatch.Examples.Core2.WebAPI", "SimplePatch.Examples.Core2.WebAPI\SimplePatch.Examples.Core2.WebAPI.csproj", "{86BAB8D1-3673-4E4B-9562-0D97EC7F3676}"
EndProject
Global
	GlobalSection(SolutionConfigurationPlatforms) = preSolution
		Debug|Any CPU = Debug|Any CPU
		Release|Any CPU = Release|Any CPU
	EndGlobalSection
	GlobalSection(ProjectConfigurationPlatforms) = postSolution
		{86BAB8D1-3673-4E4B-9562-0D97EC7F3676}.Debug|Any CPU.ActiveCfg = Debug|Any CPU
		{86BAB8D1-3673-4E4B-9562-0D97EC7F3676}.Debug|Any CPU.Build.0 = Debug|Any CPU
		{86BAB8D1-3673-4E4B-9562-0D97EC7F3676}.Release|Any CPU.ActiveCfg = Release|Any CPU
		{86BAB8D1-3673-4E4B-9562-0D97EC7F3676}.Release|Any CPU.Build.0 = Release|Any CPU
	EndGlobalSection
	GlobalSection(SolutionProperties) = preSolution
		HideSolutionNode = FALSE
	EndGlobalSection
	GlobalSection(ExtensibilityGlobals) = postSolution
		SolutionGuid = {FB1857DD-145C-4552-AAF7-D5A26F4A1112}
	EndGlobalSection
EndGlobal
