
Microsoft Visual Studio Solution File, Format Version 12.00
# Visual Studio 15
VisualStudioVersion = 15.0.26730.10
MinimumVisualStudioVersion = 10.0.40219.1
Project("{FAE04EC0-301F-11D3-BF4B-00C04F79EFBC}") = "SimplePatch.Examples.Core.WebAPI", "SimplePatch.Examples.Core.WebAPI\SimplePatch.Examples.Core.WebAPI.csproj", "{1237A459-4EC5-40A5-90C8-E274AB40FBA2}"
EndProject
Project("{FAE04EC0-301F-11D3-BF4B-00C04F79EFBC}") = "SimplePatch.Examples.Core.DAL", "SimplePatch.Examples.Core.DAL\SimplePatch.Examples.Core.DAL.csproj", "{057C1127-53B8-4E91-AF37-27EAF293A295}"
EndProject
Global
	GlobalSection(SolutionConfigurationPlatforms) = preSolution
		Debug|Any CPU = Debug|Any CPU
		Release|Any CPU = Release|Any CPU
	EndGlobalSection
	GlobalSection(ProjectConfigurationPlatforms) = postSolution
		{1237A459-4EC5-40A5-90C8-E274AB40FBA2}.Debug|Any CPU.ActiveCfg = Debug|Any CPU
		{1237A459-4EC5-40A5-90C8-E274AB40FBA2}.Debug|Any CPU.Build.0 = Debug|Any CPU
		{1237A459-4EC5-40A5-90C8-E274AB40FBA2}.Release|Any CPU.ActiveCfg = Release|Any CPU
		{1237A459-4EC5-40A5-90C8-E274AB40FBA2}.Release|Any CPU.Build.0 = Release|Any CPU
		{057C1127-53B8-4E91-AF37-27EAF293A295}.Debug|Any CPU.ActiveCfg = Debug|Any CPU
		{057C1127-53B8-4E91-AF37-27EAF293A295}.Debug|Any CPU.Build.0 = Debug|Any CPU
		{057C1127-53B8-4E91-AF37-27EAF293A295}.Release|Any CPU.ActiveCfg = Release|Any CPU
		{057C1127-53B8-4E91-AF37-27EAF293A295}.Release|Any CPU.Build.0 = Release|Any CPU
	EndGlobalSection
	GlobalSection(SolutionProperties) = preSolution
		HideSolutionNode = FALSE
	EndGlobalSection
	GlobalSection(ExtensibilityGlobals) = postSolution
		SolutionGuid = {E4EC4A78-AD36-4530-A2F7-724AD921C36E}
	EndGlobalSection
EndGlobal
