
Microsoft Visual Studio Solution File, Format Version 12.00
# Visual Studio 15
VisualStudioVersion = 15.0.26430.16
MinimumVisualStudioVersion = 10.0.40219.1
Project("{FAE04EC0-301F-11D3-BF4B-00C04F79EFBC}") = "SimplePatch", "SimplePatch\SimplePatch.csproj", "{7D1DEE3D-D87A-4A58-9E58-3D35D10D0720}"
EndProject
Project("{FAE04EC0-301F-11D3-BF4B-00C04F79EFBC}") = "SimplePatch.WebAPI", "Examples\SimplePatch.WebAPI\SimplePatch.WebAPI.csproj", "{7710D452-F98C-462B-ACB4-6E2DB1FACB32}"
EndProject
Global
	GlobalSection(SolutionConfigurationPlatforms) = preSolution
		Debug|Any CPU = Debug|Any CPU
		Release|Any CPU = Release|Any CPU
	EndGlobalSection
	GlobalSection(ProjectConfigurationPlatforms) = postSolution
		{7D1DEE3D-D87A-4A58-9E58-3D35D10D0720}.Debug|Any CPU.ActiveCfg = Debug|Any CPU
		{7D1DEE3D-D87A-4A58-9E58-3D35D10D0720}.Debug|Any CPU.Build.0 = Debug|Any CPU
		{7D1DEE3D-D87A-4A58-9E58-3D35D10D0720}.Release|Any CPU.ActiveCfg = Release|Any CPU
		{7D1DEE3D-D87A-4A58-9E58-3D35D10D0720}.Release|Any CPU.Build.0 = Release|Any CPU
		{7710D452-F98C-462B-ACB4-6E2DB1FACB32}.Debug|Any CPU.ActiveCfg = Debug|Any CPU
		{7710D452-F98C-462B-ACB4-6E2DB1FACB32}.Debug|Any CPU.Build.0 = Debug|Any CPU
		{7710D452-F98C-462B-ACB4-6E2DB1FACB32}.Release|Any CPU.ActiveCfg = Release|Any CPU
		{7710D452-F98C-462B-ACB4-6E2DB1FACB32}.Release|Any CPU.Build.0 = Release|Any CPU
	EndGlobalSection
	GlobalSection(SolutionProperties) = preSolution
		HideSolutionNode = FALSE
	EndGlobalSection
EndGlobal
